
Microsoft Visual Studio Solution File, Format Version 12.00
# Visual Studio Version 17
VisualStudioVersion = 17.0.31903.59
MinimumVisualStudioVersion = 10.0.40219.1
Project("{FAE04EC0-301F-11D3-BF4B-00C04F79EFBC}") = "at_cSharp10", "at_cSharp10\at_cSharp10.csproj", "{CCE8A5F9-7C77-4632-B4A7-878D7A72EF77}"
EndProject
Global
	GlobalSection(SolutionConfigurationPlatforms) = preSolution
		Debug|Any CPU = Debug|Any CPU
		Release|Any CPU = Release|Any CPU
	EndGlobalSection
	GlobalSection(SolutionProperties) = preSolution
		HideSolutionNode = FALSE
	EndGlobalSection
	GlobalSection(ProjectConfigurationPlatforms) = postSolution
		{CCE8A5F9-7C77-4632-B4A7-878D7A72EF77}.Debug|Any CPU.ActiveCfg = Debug|Any CPU
		{CCE8A5F9-7C77-4632-B4A7-878D7A72EF77}.Debug|Any CPU.Build.0 = Debug|Any CPU
		{CCE8A5F9-7C77-4632-B4A7-878D7A72EF77}.Release|Any CPU.ActiveCfg = Release|Any CPU
		{CCE8A5F9-7C77-4632-B4A7-878D7A72EF77}.Release|Any CPU.Build.0 = Release|Any CPU
	EndGlobalSection
EndGlobal
